
Microsoft Visual Studio Solution File, Format Version 12.00
# Visual Studio Version 16
VisualStudioVersion = 16.0.29920.165
MinimumVisualStudioVersion = 10.0.40219.1
Project("{FAE04EC0-301F-11D3-BF4B-00C04F79EFBC}") = "RandomNumAndrew", "RandomNumAndrew\RandomNumAndrew.csproj", "{ADFA7867-84BF-4342-9179-4B6E2E8DC222}"
EndProject
Global
	GlobalSection(SolutionConfigurationPlatforms) = preSolution
		Debug|Any CPU = Debug|Any CPU
		Release|Any CPU = Release|Any CPU
	EndGlobalSection
	GlobalSection(ProjectConfigurationPlatforms) = postSolution
		{ADFA7867-84BF-4342-9179-4B6E2E8DC222}.Debug|Any CPU.ActiveCfg = Debug|Any CPU
		{ADFA7867-84BF-4342-9179-4B6E2E8DC222}.Debug|Any CPU.Build.0 = Debug|Any CPU
		{ADFA7867-84BF-4342-9179-4B6E2E8DC222}.Release|Any CPU.ActiveCfg = Release|Any CPU
		{ADFA7867-84BF-4342-9179-4B6E2E8DC222}.Release|Any CPU.Build.0 = Release|Any CPU
	EndGlobalSection
	GlobalSection(SolutionProperties) = preSolution
		HideSolutionNode = FALSE
	EndGlobalSection
	GlobalSection(ExtensibilityGlobals) = postSolution
		SolutionGuid = {DC41DAE1-F4F8-4138-8B98-97363EAA5CD4}
	EndGlobalSection
EndGlobal
