
Microsoft Visual Studio Solution File, Format Version 12.00
# Visual Studio Version 16
VisualStudioVersion = 16.0.29920.165
MinimumVisualStudioVersion = 10.0.40219.1
Project("{FAE04EC0-301F-11D3-BF4B-00C04F79EFBC}") = "WalkingManAndrew", "WalkingManAndrew\WalkingManAndrew.csproj", "{302CCD00-2980-4758-A150-77A886FC1332}"
EndProject
Global
	GlobalSection(SolutionConfigurationPlatforms) = preSolution
		Debug|Any CPU = Debug|Any CPU
		Release|Any CPU = Release|Any CPU
	EndGlobalSection
	GlobalSection(ProjectConfigurationPlatforms) = postSolution
		{302CCD00-2980-4758-A150-77A886FC1332}.Debug|Any CPU.ActiveCfg = Debug|Any CPU
		{302CCD00-2980-4758-A150-77A886FC1332}.Debug|Any CPU.Build.0 = Debug|Any CPU
		{302CCD00-2980-4758-A150-77A886FC1332}.Release|Any CPU.ActiveCfg = Release|Any CPU
		{302CCD00-2980-4758-A150-77A886FC1332}.Release|Any CPU.Build.0 = Release|Any CPU
	EndGlobalSection
	GlobalSection(SolutionProperties) = preSolution
		HideSolutionNode = FALSE
	EndGlobalSection
	GlobalSection(ExtensibilityGlobals) = postSolution
		SolutionGuid = {936CE79D-B7A3-4E85-B148-06C8D8752BBE}
	EndGlobalSection
EndGlobal
